
Microsoft Visual Studio Solution File, Format Version 12.00
# Visual Studio 15
VisualStudioVersion = 15.0.27130.2010
MinimumVisualStudioVersion = 10.0.40219.1
Project("{FAE04EC0-301F-11D3-BF4B-00C04F79EFBC}") = "TPLDataFlow", "TPLDataFlow.csproj", "{FB469031-BC64-4EE3-BF3C-1FE3CE8D317E}"
EndProject
Global
	GlobalSection(SolutionConfigurationPlatforms) = preSolution
		Debug|Any CPU = Debug|Any CPU
		Release|Any CPU = Release|Any CPU
	EndGlobalSection
	GlobalSection(ProjectConfigurationPlatforms) = postSolution
		{FB469031-BC64-4EE3-BF3C-1FE3CE8D317E}.Debug|Any CPU.ActiveCfg = Debug|Any CPU
		{FB469031-BC64-4EE3-BF3C-1FE3CE8D317E}.Debug|Any CPU.Build.0 = Debug|Any CPU
		{FB469031-BC64-4EE3-BF3C-1FE3CE8D317E}.Release|Any CPU.ActiveCfg = Release|Any CPU
		{FB469031-BC64-4EE3-BF3C-1FE3CE8D317E}.Release|Any CPU.Build.0 = Release|Any CPU
	EndGlobalSection
	GlobalSection(SolutionProperties) = preSolution
		HideSolutionNode = FALSE
	EndGlobalSection
	GlobalSection(ExtensibilityGlobals) = postSolution
		SolutionGuid = {498B9548-4B42-45D8-9BEB-7F2B5FD93547}
	EndGlobalSection
EndGlobal
